
Microsoft Visual Studio Solution File, Format Version 12.00
# Visual Studio 15
VisualStudioVersion = 15.0.28307.1972
MinimumVisualStudioVersion = 10.0.40219.1
Project("{FAE04EC0-301F-11D3-BF4B-00C04F79EFBC}") = "WeatherWebService", "WeatherWebService\WeatherWebService.csproj", "{7883413A-0C55-413F-B743-E118AA30CA23}"
EndProject
Global
	GlobalSection(SolutionConfigurationPlatforms) = preSolution
		Debug|Any CPU = Debug|Any CPU
		Release|Any CPU = Release|Any CPU
	EndGlobalSection
	GlobalSection(ProjectConfigurationPlatforms) = postSolution
		{7883413A-0C55-413F-B743-E118AA30CA23}.Debug|Any CPU.ActiveCfg = Debug|Any CPU
		{7883413A-0C55-413F-B743-E118AA30CA23}.Debug|Any CPU.Build.0 = Debug|Any CPU
		{7883413A-0C55-413F-B743-E118AA30CA23}.Release|Any CPU.ActiveCfg = Release|Any CPU
		{7883413A-0C55-413F-B743-E118AA30CA23}.Release|Any CPU.Build.0 = Release|Any CPU
	EndGlobalSection
	GlobalSection(SolutionProperties) = preSolution
		HideSolutionNode = FALSE
	EndGlobalSection
	GlobalSection(ExtensibilityGlobals) = postSolution
		SolutionGuid = {E2EF8E30-0DE0-4CAE-BA80-BB80BA73240F}
	EndGlobalSection
EndGlobal
